<?xml version="1.0" encoding="utf-8"?>
<Project ToolsVersion="4.0" xmlns="http://schemas.microsoft.com/developer/msbuild/2003">
  <ItemGroup>
    <Filter Include="Source Files">
      <UniqueIdentifier>{4FC737F1-C7A5-4376-A066-2A32D752A2FF}</UniqueIdentifier>
      <Extensions>cpp;cxx;c;def</Extensions>
    </Filter>
    <Filter Include="Header Files">
      <UniqueIdentifier>{93995380-89BD-4b04-88EB-625FBE52EBFB}</UniqueIdentifier>
      <Extensions>h</Extensions>
    </Filter>
    <Filter Include="Form Files">
      <UniqueIdentifier>{99349809-55BA-4b9d-BF79-8FDBB0286EB3}</UniqueIdentifier>
      <Extensions>ui</Extensions>
    </Filter>
    <Filter Include="Resource Files">
      <UniqueIdentifier>{D9D6E242-F8AF-46E4-B9FD-80ECBC20BA3E}</UniqueIdentifier>
      <Extensions>qrc;*</Extensions>
      <ParseFiles>false</ParseFiles>
    </Filter>
    <Filter Include="Generated Files">
      <UniqueIdentifier>{71ED8ED8-ACB9-4CE9-BBE1-E00B30144E11}</UniqueIdentifier>
      <Extensions>moc;h;cpp</Extensions>
      <SourceControlFiles>False</SourceControlFiles>
    </Filter>
    <Filter Include="Generated Files\Debug">
      <UniqueIdentifier>{7befea8a-c757-437c-b108-bfdf48c70843}</UniqueIdentifier>
      <Extensions>cpp;moc</Extensions>
      <SourceControlFiles>False</SourceControlFiles>
    </Filter>
    <Filter Include="Generated Files\Release">
      <UniqueIdentifier>{0af83fea-b5a9-47b5-987d-b8e4053279e4}</UniqueIdentifier>
      <Extensions>cpp;moc</Extensions>
      <SourceControlFiles>False</SourceControlFiles>
    </Filter>
    <Filter Include="img">
      <UniqueIdentifier>{28ee261b-bbce-497a-95ac-26a5d18ce52c}</UniqueIdentifier>
    </Filter>
  </ItemGroup>
  <ItemGroup>
    <ClCompile Include="GeneratedFiles\qrc_cameramanager.cpp">
      <Filter>Generated Files</Filter>
    </ClCompile>
    <ClCompile Include="..\src\abstractcamera.cpp">
      <Filter>Source Files</Filter>
    </ClCompile>
    <ClCompile Include="..\src\abstractcameramanager.cpp">
      <Filter>Source Files</Filter>
    </ClCompile>
    <ClCompile Include="..\src\calibrationviewerwidget.cpp">
      <Filter>Source Files</Filter>
    </ClCompile>
    <ClCompile Include="..\src\cameraproperty.cpp">
      <Filter>Source Files</Filter>
    </ClCompile>
    <ClCompile Include="..\src\configfilereader.cpp">
      <Filter>Source Files</Filter>
    </ClCompile>
    <ClCompile Include="..\src\configfileviewerwidget.cpp">
      <Filter>Source Files</Filter>
    </ClCompile>
    <ClCompile Include="..\src\flycamera.cpp">
      <Filter>Source Files</Filter>
    </ClCompile>
    <ClCompile Include="..\src\flycameramanager.cpp">
      <Filter>Source Files</Filter>
    </ClCompile>
    <ClCompile Include="..\src\imageviewerwidget.cpp">
      <Filter>Source Files</Filter>
    </ClCompile>
    <ClCompile Include="..\src\main.cpp">
      <Filter>Source Files</Filter>
    </ClCompile>
    <ClCompile Include="..\src\mainwindow.cpp">
      <Filter>Source Files</Filter>
    </ClCompile>
    <ClCompile Include="..\src\menubar.cpp">
      <Filter>Source Files</Filter>
    </ClCompile>
    <ClCompile Include="..\src\qvideowidget.cpp">
      <Filter>Source Files</Filter>
    </ClCompile>
    <ClCompile Include="..\src\socketviewerwidget.cpp">
      <Filter>Source Files</Filter>
    </ClCompile>
    <ClCompile Include="..\src\testcamera.cpp">
      <Filter>Source Files</Filter>
    </ClCompile>
    <ClCompile Include="..\src\testcameramanager.cpp">
      <Filter>Source Files</Filter>
    </ClCompile>
    <ClCompile Include="..\src\widgetgl.cpp">
      <Filter>Source Files</Filter>
    </ClCompile>
    <ClCompile Include="GeneratedFiles\Debug\moc_abstractcameramanager.cpp">
      <Filter>Generated Files\Debug</Filter>
    </ClCompile>
    <ClCompile Include="GeneratedFiles\Release\moc_abstractcameramanager.cpp">
      <Filter>Generated Files\Release</Filter>
    </ClCompile>
    <ClCompile Include="GeneratedFiles\Debug\moc_calibrationviewerwidget.cpp">
      <Filter>Generated Files\Debug</Filter>
    </ClCompile>
    <ClCompile Include="GeneratedFiles\Release\moc_calibrationviewerwidget.cpp">
      <Filter>Generated Files\Release</Filter>
    </ClCompile>
    <ClCompile Include="GeneratedFiles\Debug\moc_configfileviewerwidget.cpp">
      <Filter>Generated Files\Debug</Filter>
    </ClCompile>
    <ClCompile Include="GeneratedFiles\Release\moc_configfileviewerwidget.cpp">
      <Filter>Generated Files\Release</Filter>
    </ClCompile>
    <ClCompile Include="GeneratedFiles\Debug\moc_mainwindow.cpp">
      <Filter>Generated Files\Debug</Filter>
    </ClCompile>
    <ClCompile Include="GeneratedFiles\Release\moc_mainwindow.cpp">
      <Filter>Generated Files\Release</Filter>
    </ClCompile>
    <ClCompile Include="GeneratedFiles\Debug\moc_qvideowidget.cpp">
      <Filter>Generated Files\Debug</Filter>
    </ClCompile>
    <ClCompile Include="GeneratedFiles\Release\moc_qvideowidget.cpp">
      <Filter>Generated Files\Release</Filter>
    </ClCompile>
    <ClCompile Include="GeneratedFiles\Debug\moc_socketviewerwidget.cpp">
      <Filter>Generated Files\Debug</Filter>
    </ClCompile>
    <ClCompile Include="GeneratedFiles\Release\moc_socketviewerwidget.cpp">
      <Filter>Generated Files\Release</Filter>
    </ClCompile>
    <ClCompile Include="GeneratedFiles\Debug\moc_widgetgl.cpp">
      <Filter>Generated Files\Debug</Filter>
    </ClCompile>
    <ClCompile Include="GeneratedFiles\Release\moc_widgetgl.cpp">
      <Filter>Generated Files\Release</Filter>
    </ClCompile>
    <ClCompile Include="..\src\imagedetect.cpp">
      <Filter>Source Files</Filter>
    </ClCompile>
    <ClCompile Include="GeneratedFiles\Debug\moc_externalprocess.cpp">
      <Filter>Generated Files\Debug</Filter>
    </ClCompile>
    <ClCompile Include="GeneratedFiles\Release\moc_externalprocess.cpp">
      <Filter>Generated Files\Release</Filter>
    </ClCompile>
    <ClCompile Include="..\src\externalprocess.cpp">
      <Filter>Source Files</Filter>
    </ClCompile>
    <ClCompile Include="..\src\calibrationfile.cpp">
      <Filter>Source Files</Filter>
    </ClCompile>
    <ClCompile Include="..\src\imagewidget.cpp">
      <Filter>Source Files</Filter>
    </ClCompile>
    <ClCompile Include="..\src\imageselectpointwidget.cpp">
      <Filter>Source Files</Filter>
    </ClCompile>
    <ClCompile Include="GeneratedFiles\Debug\moc_imageselectpointwidget.cpp">
      <Filter>Generated Files\Debug</Filter>
    </ClCompile>
    <ClCompile Include="GeneratedFiles\Release\moc_imageselectpointwidget.cpp">
      <Filter>Generated Files\Release</Filter>
    </ClCompile>
    <ClCompile Include="..\src\databuffer.cpp">
      <Filter>Source Files</Filter>
    </ClCompile>
    <ClCompile Include="..\src\texture.cpp">
      <Filter>Source Files</Filter>
    </ClCompile>
  </ItemGroup>
  <ItemGroup>
    <CustomBuild Include="cameramanager.ui">
      <Filter>Form Files</Filter>
    </CustomBuild>
    <CustomBuild Include="cameramanager.qrc">
      <Filter>Resource Files</Filter>
    </CustomBuild>
    <CustomBuild Include="..\src\abstractcameramanager.h">
      <Filter>Header Files</Filter>
    </CustomBuild>
    <CustomBuild Include="..\src\calibrationviewerwidget.h">
      <Filter>Header Files</Filter>
    </CustomBuild>
    <CustomBuild Include="..\src\configfileviewerwidget.h">
      <Filter>Header Files</Filter>
    </CustomBuild>
    <CustomBuild Include="..\src\mainwindow.h">
      <Filter>Header Files</Filter>
    </CustomBuild>
    <CustomBuild Include="..\src\qvideowidget.h">
      <Filter>Header Files</Filter>
    </CustomBuild>
    <CustomBuild Include="..\src\socketviewerwidget.h">
      <Filter>Header Files</Filter>
    </CustomBuild>
    <CustomBuild Include="..\src\widgetgl.h">
      <Filter>Header Files</Filter>
    </CustomBuild>
    <CustomBuild Include="..\src\externalprocess.h">
      <Filter>Header Files</Filter>
    </CustomBuild>
    <CustomBuild Include="..\src\calibrationfile.h">
      <Filter>Header Files</Filter>
    </CustomBuild>
    <CustomBuild Include="..\src\imageselectpointwidget.h">
      <Filter>Header Files</Filter>
    </CustomBuild>
  </ItemGroup>
  <ItemGroup>
    <ClInclude Include="GeneratedFiles\ui_cameramanager.h">
      <Filter>Generated Files</Filter>
    </ClInclude>
    <ClInclude Include="..\src\abstractcamera.h">
      <Filter>Header Files</Filter>
    </ClInclude>
    <ClInclude Include="..\src\cameraproperty.h">
      <Filter>Header Files</Filter>
    </ClInclude>
    <ClInclude Include="..\src\configfilereader.h">
      <Filter>Header Files</Filter>
    </ClInclude>
    <ClInclude Include="..\src\flycamera.h">
      <Filter>Header Files</Filter>
    </ClInclude>
    <ClInclude Include="..\src\flycameramanager.h">
      <Filter>Header Files</Filter>
    </ClInclude>
    <ClInclude Include="..\src\imageviewerwidget.h">
      <Filter>Header Files</Filter>
    </ClInclude>
    <ClInclude Include="..\src\menubar.h">
      <Filter>Header Files</Filter>
    </ClInclude>
    <ClInclude Include="..\src\testcamera.h">
      <Filter>Header Files</Filter>
    </ClInclude>
    <ClInclude Include="..\src\testcameramanager.h">
      <Filter>Header Files</Filter>
    </ClInclude>
    <ClInclude Include="..\src\ui_mainwindow.h">
      <Filter>Header Files</Filter>
    </ClInclude>
    <ClInclude Include="..\src\imagedetect.h">
      <Filter>Header Files</Filter>
    </ClInclude>
    <ClInclude Include="..\src\trackpointproperty.h">
      <Filter>Header Files</Filter>
    </ClInclude>
    <ClInclude Include="..\src\datastructs.h">
      <Filter>Header Files</Filter>
    </ClInclude>
    <ClInclude Include="..\src\imagewidget.h">
      <Filter>Header Files</Filter>
    </ClInclude>
    <ClInclude Include="..\src\databuffer.h">
      <Filter>Header Files</Filter>
    </ClInclude>
    <ClInclude Include="..\src\texture.h">
      <Filter>Header Files</Filter>
    </ClInclude>
  </ItemGroup>
  <ItemGroup>
    <Image Include="..\img\2D.png">
      <Filter>img</Filter>
    </Image>
    <Image Include="..\img\add.png">
      <Filter>img</Filter>
    </Image>
    <Image Include="..\img\camera.png">
      <Filter>img</Filter>
    </Image>
    <Image Include="..\img\config.png">
      <Filter>img</Filter>
    </Image>
    <Image Include="..\img\coordinates.png">
      <Filter>img</Filter>
    </Image>
    <Image Include="..\img\crosshair.png">
      <Filter>img</Filter>
    </Image>
    <Image Include="..\img\edit.png">
      <Filter>img</Filter>
    </Image>
    <Image Include="..\img\exe.png">
      <Filter>img</Filter>
    </Image>
    <Image Include="..\img\file.png">
      <Filter>img</Filter>
    </Image>
    <Image Include="..\img\folder.png">
      <Filter>img</Filter>
    </Image>
    <Image Include="..\img\folder_add.png">
      <Filter>img</Filter>
    </Image>
    <Image Include="..\img\folder_camera.png">
      <Filter>img</Filter>
    </Image>
    <Image Include="..\img\folder_delete.png">
      <Filter>img</Filter>
    </Image>
    <Image Include="..\img\folder_home.png">
      <Filter>img</Filter>
    </Image>
    <Image Include="..\img\img.png">
      <Filter>img</Filter>
    </Image>
    <Image Include="..\img\liveview.png">
      <Filter>img</Filter>
    </Image>
    <Image Include="..\img\liveview_on.png">
      <Filter>img</Filter>
    </Image>
    <Image Include="..\img\mosaic.png">
      <Filter>img</Filter>
    </Image>
    <Image Include="..\img\movie.png">
      <Filter>img</Filter>
    </Image>
    <Image Include="..\img\one.png">
      <Filter>img</Filter>
    </Image>
    <Image Include="..\img\one_disabled.png">
      <Filter>img</Filter>
    </Image>
    <Image Include="..\img\quality_high.png">
      <Filter>img</Filter>
    </Image>
    <Image Include="..\img\quality_low.png">
      <Filter>img</Filter>
    </Image>
    <Image Include="..\img\quit.png">
      <Filter>img</Filter>
    </Image>
    <Image Include="..\img\reset.png">
      <Filter>img</Filter>
    </Image>
  </ItemGroup>
</Project>